{
  "nodes": {
    "flake-compat": {
      "flake": false,
      "locked": {
        "lastModified": 1673956053,
        "narHash": "sha256-4gtG9iQuiKITOjNQQeQIpoIB6b16fm+504Ch3sNKLd8=",
        "owner": "edolstra",
        "repo": "flake-compat",
        "rev": "35bb57c0c8d8b62bbfd284272c928ceb64ddbde9",
        "type": "github"
      },
      "original": {
        "owner": "edolstra",
        "repo": "flake-compat",
        "type": "github"
      }
    },
    "flake-compat_2": {
      "flake": false,
      "locked": {
        "lastModified": 1696426674,
        "narHash": "sha256-kvjfFW7WAETZlt09AgDn1MrtKzP7t90Vf7vypd3OL1U=",
        "owner": "edolstra",
        "repo": "flake-compat",
        "rev": "0f9255e01c2351cc7d116c072cb317785dd33b33",
        "type": "github"
      },
      "original": {
        "owner": "edolstra",
        "repo": "flake-compat",
        "type": "github"
      }
    },
    "lix": {
      "inputs": {
        "flake-compat": "flake-compat_2",
        "nix2container": "nix2container",
        "nixpkgs": "nixpkgs",
        "nixpkgs-regression": "nixpkgs-regression",
        "pre-commit-hooks": "pre-commit-hooks"
      },
      "locked": {
        "lastModified": 1737234286,
        "narHash": "sha256-CCKIAE84dzkrnlxJCKFyffAxP3yfsOAbdvydUGqq24g=",
        "rev": "2837da71ec1588c1187d2e554719b15904a46c8b",
        "revCount": 16631,
        "type": "git",
        "url": "https://git.lix.systems/lix-project/lix"
      },
      "original": {
        "rev": "2837da71ec1588c1187d2e554719b15904a46c8b",
        "type": "git",
        "url": "https://git.lix.systems/lix-project/lix"
      }
    },
    "nix2container": {
      "flake": false,
      "locked": {
        "lastModified": 1724996935,
        "narHash": "sha256-njRK9vvZ1JJsP8oV2OgkBrpJhgQezI03S7gzskCcHos=",
        "owner": "nlewo",
        "repo": "nix2container",
        "rev": "fa6bb0a1159f55d071ba99331355955ae30b3401",
        "type": "github"
      },
      "original": {
        "owner": "nlewo",
        "repo": "nix2container",
        "type": "github"
      }
    },
    "nixpkgs": {
      "locked": {
        "lastModified": 1733348545,
        "narHash": "sha256-b4JrUmqT0vFNx42aEN9LTWOHomkTKL/ayLopflVf81U=",
        "owner": "NixOS",
        "repo": "nixpkgs",
        "rev": "9ecb50d2fae8680be74c08bb0a995c5383747f89",
        "type": "github"
      },
      "original": {
        "owner": "NixOS",
        "ref": "nixos-24.11-small",
        "repo": "nixpkgs",
        "type": "github"
      }
    },
    "nixpkgs-regression": {
      "locked": {
        "lastModified": 1643052045,
        "narHash": "sha256-uGJ0VXIhWKGXxkeNnq4TvV3CIOkUJ3PAoLZ3HMzNVMw=",
        "owner": "NixOS",
        "repo": "nixpkgs",
        "rev": "215d4d0fd80ca5163643b03a33fde804a29cc1e2",
        "type": "github"
      },
      "original": {
        "owner": "NixOS",
        "repo": "nixpkgs",
        "rev": "215d4d0fd80ca5163643b03a33fde804a29cc1e2",
        "type": "github"
      }
    },
    "nixpkgs_2": {
      "locked": {
        "lastModified": 1744174375,
        "narHash": "sha256-oxI9TLgnQbQ/WL0tIwVSIooLbXq4PW1QUhf5aQmXFgk=",
        "owner": "NixOS",
        "repo": "nixpkgs",
        "rev": "ef3a956f697525883b77192cbe208233ea0f8f79",
        "type": "github"
      },
      "original": {
        "owner": "NixOS",
        "ref": "master",
        "repo": "nixpkgs",
        "type": "github"
      }
    },
    "pre-commit-hooks": {
      "flake": false,
      "locked": {
        "lastModified": 1733318908,
        "narHash": "sha256-SVQVsbafSM1dJ4fpgyBqLZ+Lft+jcQuMtEL3lQWx2Sk=",
        "owner": "cachix",
        "repo": "git-hooks.nix",
        "rev": "6f4e2a2112050951a314d2733a994fbab94864c6",
        "type": "github"
      },
      "original": {
        "owner": "cachix",
        "repo": "git-hooks.nix",
        "type": "github"
      }
    },
    "root": {
      "inputs": {
        "flake-compat": "flake-compat",
        "lix": "lix",
        "nixpkgs": "nixpkgs_2",
        "utils": "utils"
      }
    },
    "systems": {
      "locked": {
        "lastModified": 1681028828,
        "narHash": "sha256-Vy1rq5AaRuLzOxct8nz4T6wlgyUR7zLU309k9mBC768=",
        "owner": "nix-systems",
        "repo": "default",
        "rev": "da67096a3b9bf56a91d16901293e51ba5b49a27e",
        "type": "github"
      },
      "original": {
        "owner": "nix-systems",
        "repo": "default",
        "type": "github"
      }
    },
    "utils": {
      "inputs": {
        "systems": "systems"
      },
      "locked": {
        "lastModified": 1687709756,
        "narHash": "sha256-Y5wKlQSkgEK2weWdOu4J3riRd+kV/VCgHsqLNTTWQ/0=",
        "owner": "numtide",
        "repo": "flake-utils",
        "rev": "dbabf0ca0c0c4bce6ea5eaf65af5cb694d2082c7",
        "type": "github"
      },
      "original": {
        "owner": "numtide",
        "repo": "flake-utils",
        "type": "github"
      }
    }
  },
  "root": "root",
  "version": 7
}
